# This file is automatically @generated by Cargo.
# It is not intended for manual editing.
version = 4

[[package]]
name = "ustc-agentctl"
version = "0.1.0"
dependencies = [
 "ustc-campus-agent-adapters",
 "ustc-campus-agent-core",
]

[[package]]
name = "ustc-agentd"
version = "0.1.0"
dependencies = [
 "ustc-campus-agent-core",
]

[[package]]
name = "ustc-campus-agent-adapters"
version = "0.1.0"
dependencies = [
 "ustc-campus-agent-core",
]

[[package]]
name = "ustc-campus-agent-core"
version = "0.1.0"
